
Microsoft Visual Studio Solution File, Format Version 12.00
# Visual Studio Version 17
VisualStudioVersion = 17.13.35828.75
MinimumVisualStudioVersion = 10.0.40219.1
Project("{FAE04EC0-301F-11D3-BF4B-00C04F79EFBC}") = "util", "util\util.csproj", "{405AB9CC-00CD-DC23-8479-261966EF567D}"
EndProject
Global
	GlobalSection(SolutionConfigurationPlatforms) = preSolution
		Debug|Any CPU = Debug|Any CPU
		Release|Any CPU = Release|Any CPU
	EndGlobalSection
	GlobalSection(ProjectConfigurationPlatforms) = postSolution
		{405AB9CC-00CD-DC23-8479-261966EF567D}.Debug|Any CPU.ActiveCfg = Debug|Any CPU
		{405AB9CC-00CD-DC23-8479-261966EF567D}.Debug|Any CPU.Build.0 = Debug|Any CPU
		{405AB9CC-00CD-DC23-8479-261966EF567D}.Release|Any CPU.ActiveCfg = Release|Any CPU
		{405AB9CC-00CD-DC23-8479-261966EF567D}.Release|Any CPU.Build.0 = Release|Any CPU
	EndGlobalSection
	GlobalSection(SolutionProperties) = preSolution
		HideSolutionNode = FALSE
	EndGlobalSection
	GlobalSection(ExtensibilityGlobals) = postSolution
		SolutionGuid = {4663EBE5-A754-4A42-A4DB-E59EE1E62116}
	EndGlobalSection
EndGlobal
